Microsoft Visual Studio Solution File, Format Version 11.00
# Visual Studio 2008

Project("{C91712A8-1733-1A8B-973F-1FDE280A2535}") = "2D Side-Scroller", "Assembly-CSharp.csproj", "{D6D60DDF-D282-5C7F-7AED-ABA0C5C25509}"
EndProject
Global
	GlobalSection(SolutionConfigurationPlatforms) = preSolution
		Debug|Any CPU = Debug|Any CPU
		Release|Any CPU = Release|Any CPU
	EndGlobalSection
	GlobalSection(ProjectConfigurationPlatforms) = postSolution
		{D6D60DDF-D282-5C7F-7AED-ABA0C5C25509}.Debug|Any CPU.ActiveCfg = Debug|Any CPU
		{D6D60DDF-D282-5C7F-7AED-ABA0C5C25509}.Debug|Any CPU.Build.0 = Debug|Any CPU
		{D6D60DDF-D282-5C7F-7AED-ABA0C5C25509}.Release|Any CPU.ActiveCfg = Release|Any CPU
		{D6D60DDF-D282-5C7F-7AED-ABA0C5C25509}.Release|Any CPU.Build.0 = Release|Any CPU
	EndGlobalSection
	GlobalSection(SolutionProperties) = preSolution
		HideSolutionNode = FALSE
	EndGlobalSection
	GlobalSection(MonoDevelopProperties) = preSolution
		StartupItem = Assembly-CSharp.csproj
	EndGlobalSection
EndGlobal
